
Microsoft Visual Studio Solution File, Format Version 12.00
# Visual Studio Version 17
VisualStudioVersion = 17.10.35122.118
MinimumVisualStudioVersion = 10.0.40219.1
Project("{FAE04EC0-301F-11D3-BF4B-00C04F79EFBC}") = "LootBox.Api", "LootBox.Api\LootBox.Api.csproj", "{1CA7B308-22B2-46C8-87BD-2178C84D8797}"
EndProject
Project("{FAE04EC0-301F-11D3-BF4B-00C04F79EFBC}") = "LootBox.Domain", "LootBox.Domain\LootBox.Domain.csproj", "{3B2C33F0-CD95-49F1-928C-58C75DC56F34}"
EndProject
Project("{FAE04EC0-301F-11D3-BF4B-00C04F79EFBC}") = "LootBox.Logic", "LootBox.Logic\LootBox.Logic.csproj", "{925ADB6D-1FF7-4F2E-A723-9454C9284465}"
EndProject
Global
	GlobalSection(SolutionConfigurationPlatforms) = preSolution
		Debug|Any CPU = Debug|Any CPU
		Release|Any CPU = Release|Any CPU
	EndGlobalSection
	GlobalSection(ProjectConfigurationPlatforms) = postSolution
		{1CA7B308-22B2-46C8-87BD-2178C84D8797}.Debug|Any CPU.ActiveCfg = Debug|Any CPU
		{1CA7B308-22B2-46C8-87BD-2178C84D8797}.Debug|Any CPU.Build.0 = Debug|Any CPU
		{1CA7B308-22B2-46C8-87BD-2178C84D8797}.Release|Any CPU.ActiveCfg = Release|Any CPU
		{1CA7B308-22B2-46C8-87BD-2178C84D8797}.Release|Any CPU.Build.0 = Release|Any CPU
		{3B2C33F0-CD95-49F1-928C-58C75DC56F34}.Debug|Any CPU.ActiveCfg = Debug|Any CPU
		{3B2C33F0-CD95-49F1-928C-58C75DC56F34}.Debug|Any CPU.Build.0 = Debug|Any CPU
		{3B2C33F0-CD95-49F1-928C-58C75DC56F34}.Release|Any CPU.ActiveCfg = Release|Any CPU
		{3B2C33F0-CD95-49F1-928C-58C75DC56F34}.Release|Any CPU.Build.0 = Release|Any CPU
		{925ADB6D-1FF7-4F2E-A723-9454C9284465}.Debug|Any CPU.ActiveCfg = Debug|Any CPU
		{925ADB6D-1FF7-4F2E-A723-9454C9284465}.Debug|Any CPU.Build.0 = Debug|Any CPU
		{925ADB6D-1FF7-4F2E-A723-9454C9284465}.Release|Any CPU.ActiveCfg = Release|Any CPU
		{925ADB6D-1FF7-4F2E-A723-9454C9284465}.Release|Any CPU.Build.0 = Release|Any CPU
	EndGlobalSection
	GlobalSection(SolutionProperties) = preSolution
		HideSolutionNode = FALSE
	EndGlobalSection
	GlobalSection(ExtensibilityGlobals) = postSolution
		SolutionGuid = {40144EF7-478B-4205-B212-2CA238435A6E}
	EndGlobalSection
EndGlobal
